
Microsoft Visual Studio Solution File, Format Version 12.00
# Visual Studio Version 17
VisualStudioVersion = 17.9.34714.143
MinimumVisualStudioVersion = 10.0.40219.1
Project("{9A19103F-16F7-4668-BE54-9A1E7A4F7556}") = "TodoLibrary", "TodoLibrary\TodoLibrary.csproj", "{F385ABCC-E641-4DB1-9857-491FDBABB31A}"
EndProject
Project("{9A19103F-16F7-4668-BE54-9A1E7A4F7556}") = "TodoApi", "TodoApi\TodoApi.csproj", "{8D133941-8D51-4B2C-9CE0-D067B20B2F5A}"
EndProject
Project("{00D1A9C2-B5F0-4AF3-8072-F6C62B433612}") = "TodoDatabase", "TodoDatabase\TodoDatabase.sqlproj", "{1CA7DECD-A9CF-42AC-B8EC-32101863F6C5}"
EndProject
Project("{2150E333-8FDC-42A3-9474-1A3956D46DE8}") = "Infrastructure", "Infrastructure", "{42FE8D2C-AF54-4CAA-AFDE-7BA2994E5672}"
	ProjectSection(SolutionItems) = preProject
		main.bicep = main.bicep
	EndProjectSection
EndProject
Project("{2150E333-8FDC-42A3-9474-1A3956D46DE8}") = "Solution Items", "Solution Items", "{271B7D71-ED7B-40F7-B74E-3567F45CD8B3}"
	ProjectSection(SolutionItems) = preProject
		README.md = README.md
	EndProjectSection
EndProject
Project("{9A19103F-16F7-4668-BE54-9A1E7A4F7556}") = "TodoApi.Tests", "TodoApi.Tests\TodoApi.Tests.csproj", "{26B05AE0-4B3A-476C-9FD2-3EC6EA3D67E5}"
EndProject
Global
	GlobalSection(SolutionConfigurationPlatforms) = preSolution
		Debug|Any CPU = Debug|Any CPU
		Release|Any CPU = Release|Any CPU
	EndGlobalSection
	GlobalSection(ProjectConfigurationPlatforms) = postSolution
		{F385ABCC-E641-4DB1-9857-491FDBABB31A}.Debug|Any CPU.ActiveCfg = Debug|Any CPU
		{F385ABCC-E641-4DB1-9857-491FDBABB31A}.Debug|Any CPU.Build.0 = Debug|Any CPU
		{F385ABCC-E641-4DB1-9857-491FDBABB31A}.Release|Any CPU.ActiveCfg = Release|Any CPU
		{F385ABCC-E641-4DB1-9857-491FDBABB31A}.Release|Any CPU.Build.0 = Release|Any CPU
		{8D133941-8D51-4B2C-9CE0-D067B20B2F5A}.Debug|Any CPU.ActiveCfg = Debug|Any CPU
		{8D133941-8D51-4B2C-9CE0-D067B20B2F5A}.Debug|Any CPU.Build.0 = Debug|Any CPU
		{8D133941-8D51-4B2C-9CE0-D067B20B2F5A}.Release|Any CPU.ActiveCfg = Release|Any CPU
		{8D133941-8D51-4B2C-9CE0-D067B20B2F5A}.Release|Any CPU.Build.0 = Release|Any CPU
		{1CA7DECD-A9CF-42AC-B8EC-32101863F6C5}.Debug|Any CPU.ActiveCfg = Debug|Any CPU
		{1CA7DECD-A9CF-42AC-B8EC-32101863F6C5}.Debug|Any CPU.Build.0 = Debug|Any CPU
		{1CA7DECD-A9CF-42AC-B8EC-32101863F6C5}.Debug|Any CPU.Deploy.0 = Debug|Any CPU
		{1CA7DECD-A9CF-42AC-B8EC-32101863F6C5}.Release|Any CPU.ActiveCfg = Release|Any CPU
		{1CA7DECD-A9CF-42AC-B8EC-32101863F6C5}.Release|Any CPU.Build.0 = Release|Any CPU
		{1CA7DECD-A9CF-42AC-B8EC-32101863F6C5}.Release|Any CPU.Deploy.0 = Release|Any CPU
		{26B05AE0-4B3A-476C-9FD2-3EC6EA3D67E5}.Debug|Any CPU.ActiveCfg = Debug|Any CPU
		{26B05AE0-4B3A-476C-9FD2-3EC6EA3D67E5}.Debug|Any CPU.Build.0 = Debug|Any CPU
		{26B05AE0-4B3A-476C-9FD2-3EC6EA3D67E5}.Release|Any CPU.ActiveCfg = Release|Any CPU
		{26B05AE0-4B3A-476C-9FD2-3EC6EA3D67E5}.Release|Any CPU.Build.0 = Release|Any CPU
	EndGlobalSection
	GlobalSection(SolutionProperties) = preSolution
		HideSolutionNode = FALSE
	EndGlobalSection
	GlobalSection(ExtensibilityGlobals) = postSolution
		SolutionGuid = {36AE2334-43CA-4DD3-91D8-D5A340CE96C2}
	EndGlobalSection
EndGlobal
